<Solution>
  <Folder Name="/src/">
    <Project Path="src/Padaria.ApiGateway/Padaria.ApiGateway.csproj" />
    <Project Path="src/Padaria.AuthService/Padaria.AuthService.csproj" />
    <Project Path="src/Padaria.NotificationService/Padaria.NotificationService.csproj" />
    <Project Path="src/Padaria.OrderService/Padaria.OrderService.csproj" />
    <Project Path="src/Padaria.ProductService/Padaria.ProductService.csproj" />
    <Project Path="src/Padaria.Shared/Padaria.Shared.csproj" />
  </Folder>
</Solution>
